
Microsoft Visual Studio Solution File, Format Version 12.00
# Visual Studio Version 17
VisualStudioVersion = 17.11.35327.3
MinimumVisualStudioVersion = 10.0.40219.1
Project("{9A19103F-16F7-4668-BE54-9A1E7A4F7556}") = "Example19-11-24", "Example19-11-24\Example19-11-24\Example19-11-24.csproj", "{2B6F616E-CF99-441A-BC98-2D8B7322B994}"
EndProject
Global
	GlobalSection(SolutionConfigurationPlatforms) = preSolution
		Debug|Any CPU = Debug|Any CPU
		Release|Any CPU = Release|Any CPU
	EndGlobalSection
	GlobalSection(ProjectConfigurationPlatforms) = postSolution
		{2B6F616E-CF99-441A-BC98-2D8B7322B994}.Debug|Any CPU.ActiveCfg = Debug|Any CPU
		{2B6F616E-CF99-441A-BC98-2D8B7322B994}.Debug|Any CPU.Build.0 = Debug|Any CPU
		{2B6F616E-CF99-441A-BC98-2D8B7322B994}.Release|Any CPU.ActiveCfg = Release|Any CPU
		{2B6F616E-CF99-441A-BC98-2D8B7322B994}.Release|Any CPU.Build.0 = Release|Any CPU
	EndGlobalSection
	GlobalSection(SolutionProperties) = preSolution
		HideSolutionNode = FALSE
	EndGlobalSection
	GlobalSection(ExtensibilityGlobals) = postSolution
		SolutionGuid = {259C18D3-7BD5-4BB7-8780-6F5ADDA4569D}
	EndGlobalSection
EndGlobal
