
Microsoft Visual Studio Solution File, Format Version 12.00
# Visual Studio Version 17
VisualStudioVersion = 17.7.34221.43
MinimumVisualStudioVersion = 10.0.40219.1
Project("{FAE04EC0-301F-11D3-BF4B-00C04F79EFBC}") = "Rad301-2024-Week1-Lab1", "Rad301-2024-Week1-Lab1\Rad301-2024-Week1-Lab1.csproj", "{35AF613E-7926-430C-BCC0-21F26C024D69}"
EndProject
Project("{9A19103F-16F7-4668-BE54-9A1E7A4F7556}") = "Rad301-2024-Week2-Lab1", "Rad301-2024-Week2-Lab1\Rad301-2024-Week2-Lab1.csproj", "{DC9200AF-41F7-4816-A9AD-872762279516}"
EndProject
Project("{9A19103F-16F7-4668-BE54-9A1E7A4F7556}") = "W2L2", "W2L2\W2L2.csproj", "{D3621C58-401A-4106-9DC9-052CFE63C6EF}"
EndProject
Project("{9A19103F-16F7-4668-BE54-9A1E7A4F7556}") = "Rad301-2024-Week4-Lab1", "Rad301-2024-Week4-Lab1\Rad301-2024-Week4-Lab1.csproj", "{44F55D6C-E18C-4361-B2D4-43DA05383C11}"
EndProject
Project("{9A19103F-16F7-4668-BE54-9A1E7A4F7556}") = "W4L1P1", "W4L1P1\W4L1P1.csproj", "{09371C14-5238-45DE-9A4F-34807FB5F115}"
EndProject
Project("{9A19103F-16F7-4668-BE54-9A1E7A4F7556}") = "RazorPagesMovie", "RazorPagesMovie\RazorPagesMovie.csproj", "{75387582-CB2B-4D9F-985F-9153B932D53B}"
EndProject
Project("{9A19103F-16F7-4668-BE54-9A1E7A4F7556}") = "RazorPagesBook", "RazorPagesBook\RazorPagesBook.csproj", "{DA06B607-5A4D-494C-AC64-D28482B81325}"
EndProject
Project("{9A19103F-16F7-4668-BE54-9A1E7A4F7556}") = "W4L1P2", "W4L2\W4L1P2.csproj", "{766450B7-0C81-4F83-9652-318AB92577B5}"
EndProject
Project("{9A19103F-16F7-4668-BE54-9A1E7A4F7556}") = "W4L1P3", "W4L1P3\W4L1P3.csproj", "{037972DB-6AEC-4101-A2A9-07EFEE38EBD1}"
EndProject
Project("{9A19103F-16F7-4668-BE54-9A1E7A4F7556}") = "W5L1", "W5L1\W5L1.csproj", "{9B807F2D-9C86-4852-9F36-E77BA5CC089A}"
EndProject
Project("{9A19103F-16F7-4668-BE54-9A1E7A4F7556}") = "W5L2", "W5L2\W5L2.csproj", "{5ACFB040-E7E0-456F-94E7-7224A9032187}"
EndProject
Global
	GlobalSection(SolutionConfigurationPlatforms) = preSolution
		Debug|Any CPU = Debug|Any CPU
		Release|Any CPU = Release|Any CPU
	EndGlobalSection
	GlobalSection(ProjectConfigurationPlatforms) = postSolution
		{35AF613E-7926-430C-BCC0-21F26C024D69}.Debug|Any CPU.ActiveCfg = Debug|Any CPU
		{35AF613E-7926-430C-BCC0-21F26C024D69}.Debug|Any CPU.Build.0 = Debug|Any CPU
		{35AF613E-7926-430C-BCC0-21F26C024D69}.Release|Any CPU.ActiveCfg = Release|Any CPU
		{35AF613E-7926-430C-BCC0-21F26C024D69}.Release|Any CPU.Build.0 = Release|Any CPU
		{DC9200AF-41F7-4816-A9AD-872762279516}.Debug|Any CPU.ActiveCfg = Debug|Any CPU
		{DC9200AF-41F7-4816-A9AD-872762279516}.Debug|Any CPU.Build.0 = Debug|Any CPU
		{DC9200AF-41F7-4816-A9AD-872762279516}.Release|Any CPU.ActiveCfg = Release|Any CPU
		{DC9200AF-41F7-4816-A9AD-872762279516}.Release|Any CPU.Build.0 = Release|Any CPU
		{D3621C58-401A-4106-9DC9-052CFE63C6EF}.Debug|Any CPU.ActiveCfg = Debug|Any CPU
		{D3621C58-401A-4106-9DC9-052CFE63C6EF}.Debug|Any CPU.Build.0 = Debug|Any CPU
		{D3621C58-401A-4106-9DC9-052CFE63C6EF}.Release|Any CPU.ActiveCfg = Release|Any CPU
		{D3621C58-401A-4106-9DC9-052CFE63C6EF}.Release|Any CPU.Build.0 = Release|Any CPU
		{44F55D6C-E18C-4361-B2D4-43DA05383C11}.Debug|Any CPU.ActiveCfg = Debug|Any CPU
		{44F55D6C-E18C-4361-B2D4-43DA05383C11}.Debug|Any CPU.Build.0 = Debug|Any CPU
		{44F55D6C-E18C-4361-B2D4-43DA05383C11}.Release|Any CPU.ActiveCfg = Release|Any CPU
		{44F55D6C-E18C-4361-B2D4-43DA05383C11}.Release|Any CPU.Build.0 = Release|Any CPU
		{09371C14-5238-45DE-9A4F-34807FB5F115}.Debug|Any CPU.ActiveCfg = Debug|Any CPU
		{09371C14-5238-45DE-9A4F-34807FB5F115}.Debug|Any CPU.Build.0 = Debug|Any CPU
		{09371C14-5238-45DE-9A4F-34807FB5F115}.Release|Any CPU.ActiveCfg = Release|Any CPU
		{09371C14-5238-45DE-9A4F-34807FB5F115}.Release|Any CPU.Build.0 = Release|Any CPU
		{75387582-CB2B-4D9F-985F-9153B932D53B}.Debug|Any CPU.ActiveCfg = Debug|Any CPU
		{75387582-CB2B-4D9F-985F-9153B932D53B}.Debug|Any CPU.Build.0 = Debug|Any CPU
		{75387582-CB2B-4D9F-985F-9153B932D53B}.Release|Any CPU.ActiveCfg = Release|Any CPU
		{75387582-CB2B-4D9F-985F-9153B932D53B}.Release|Any CPU.Build.0 = Release|Any CPU
		{DA06B607-5A4D-494C-AC64-D28482B81325}.Debug|Any CPU.ActiveCfg = Debug|Any CPU
		{DA06B607-5A4D-494C-AC64-D28482B81325}.Debug|Any CPU.Build.0 = Debug|Any CPU
		{DA06B607-5A4D-494C-AC64-D28482B81325}.Release|Any CPU.ActiveCfg = Release|Any CPU
		{DA06B607-5A4D-494C-AC64-D28482B81325}.Release|Any CPU.Build.0 = Release|Any CPU
		{766450B7-0C81-4F83-9652-318AB92577B5}.Debug|Any CPU.ActiveCfg = Debug|Any CPU
		{766450B7-0C81-4F83-9652-318AB92577B5}.Debug|Any CPU.Build.0 = Debug|Any CPU
		{766450B7-0C81-4F83-9652-318AB92577B5}.Release|Any CPU.ActiveCfg = Release|Any CPU
		{766450B7-0C81-4F83-9652-318AB92577B5}.Release|Any CPU.Build.0 = Release|Any CPU
		{037972DB-6AEC-4101-A2A9-07EFEE38EBD1}.Debug|Any CPU.ActiveCfg = Debug|Any CPU
		{037972DB-6AEC-4101-A2A9-07EFEE38EBD1}.Debug|Any CPU.Build.0 = Debug|Any CPU
		{037972DB-6AEC-4101-A2A9-07EFEE38EBD1}.Release|Any CPU.ActiveCfg = Release|Any CPU
		{037972DB-6AEC-4101-A2A9-07EFEE38EBD1}.Release|Any CPU.Build.0 = Release|Any CPU
		{9B807F2D-9C86-4852-9F36-E77BA5CC089A}.Debug|Any CPU.ActiveCfg = Debug|Any CPU
		{9B807F2D-9C86-4852-9F36-E77BA5CC089A}.Debug|Any CPU.Build.0 = Debug|Any CPU
		{9B807F2D-9C86-4852-9F36-E77BA5CC089A}.Release|Any CPU.ActiveCfg = Release|Any CPU
		{9B807F2D-9C86-4852-9F36-E77BA5CC089A}.Release|Any CPU.Build.0 = Release|Any CPU
		{5ACFB040-E7E0-456F-94E7-7224A9032187}.Debug|Any CPU.ActiveCfg = Debug|Any CPU
		{5ACFB040-E7E0-456F-94E7-7224A9032187}.Debug|Any CPU.Build.0 = Debug|Any CPU
		{5ACFB040-E7E0-456F-94E7-7224A9032187}.Release|Any CPU.ActiveCfg = Release|Any CPU
		{5ACFB040-E7E0-456F-94E7-7224A9032187}.Release|Any CPU.Build.0 = Release|Any CPU
	EndGlobalSection
	GlobalSection(SolutionProperties) = preSolution
		HideSolutionNode = FALSE
	EndGlobalSection
	GlobalSection(ExtensibilityGlobals) = postSolution
		SolutionGuid = {06C43EEE-4E33-4FE0-B379-CCD5652E5A46}
	EndGlobalSection
EndGlobal
